
Microsoft Visual Studio Solution File, Format Version 12.00
# Visual Studio Version 16
VisualStudioVersion = 16.0.30225.117
MinimumVisualStudioVersion = 10.0.40219.1
Project("{FAE04EC0-301F-11D3-BF4B-00C04F79EFBC}") = "DiceRoller", "DiceRoller.csproj", "{56204570-AC29-4A3E-9077-32BFF7B83DEF}"
EndProject
Global
	GlobalSection(SolutionConfigurationPlatforms) = preSolution
		Debug|Any CPU = Debug|Any CPU
		Release|Any CPU = Release|Any CPU
	EndGlobalSection
	GlobalSection(ProjectConfigurationPlatforms) = postSolution
		{56204570-AC29-4A3E-9077-32BFF7B83DEF}.Debug|Any CPU.ActiveCfg = Debug|Any CPU
		{56204570-AC29-4A3E-9077-32BFF7B83DEF}.Debug|Any CPU.Build.0 = Debug|Any CPU
		{56204570-AC29-4A3E-9077-32BFF7B83DEF}.Release|Any CPU.ActiveCfg = Release|Any CPU
		{56204570-AC29-4A3E-9077-32BFF7B83DEF}.Release|Any CPU.Build.0 = Release|Any CPU
	EndGlobalSection
	GlobalSection(SolutionProperties) = preSolution
		HideSolutionNode = FALSE
	EndGlobalSection
	GlobalSection(ExtensibilityGlobals) = postSolution
		SolutionGuid = {2670814D-1653-4943-9B23-25E574567A0C}
	EndGlobalSection
EndGlobal
